
Microsoft Visual Studio Solution File, Format Version 12.00
# Visual Studio Version 17
VisualStudioVersion = 17.0.31903.59
MinimumVisualStudioVersion = 10.0.40219.1
Project("{2150E333-8FDC-42A3-9474-1A3956D46DE8}") = "src", "src", "{827E0CD3-B72D-47B6-A68D-7590B98EB39B}"
EndProject
Project("{FAE04EC0-301F-11D3-BF4B-00C04F79EFBC}") = "Orc", "src\Orc\Orc.csproj", "{60E9488A-615E-495B-98C6-A8AC30963BCA}"
EndProject
Project("{2150E333-8FDC-42A3-9474-1A3956D46DE8}") = "tests", "tests", "{0AB3BF05-4346-4AA6-1389-037BE0695223}"
EndProject
Project("{FAE04EC0-301F-11D3-BF4B-00C04F79EFBC}") = "Orc.Tests", "tests\Orc.Tests\Orc.Tests.csproj", "{5ADEA5D5-4579-4806-A5D3-B83DB95DE091}"
EndProject
Project("{FAE04EC0-301F-11D3-BF4B-00C04F79EFBC}") = "Orc.Lua", "src\Orc.Lua\Orc.Lua.csproj", "{068C67BA-0767-4888-A1D3-D95B0C6600ED}"
EndProject
Project("{FAE04EC0-301F-11D3-BF4B-00C04F79EFBC}") = "Orc.Lua.Tests", "tests\Orc.Lua.Tests\Orc.Lua.Tests.csproj", "{6B78C5DC-2D98-4B1B-83C2-ADC9BCD7363E}"
EndProject
Project("{FAE04EC0-301F-11D3-BF4B-00C04F79EFBC}") = "Orc.Game", "src\Orc.Game\Orc.Game.csproj", "{29C0A2A6-8F0B-41B3-8298-3C18A607F39D}"
EndProject
Project("{FAE04EC0-301F-11D3-BF4B-00C04F79EFBC}") = "Orc.Game.Tests", "tests\Orc.Game.Tests\Orc.Game.Tests.csproj", "{2FF998B2-DB14-44A1-886E-434EFE7DB34D}"
EndProject
Project("{FAE04EC0-301F-11D3-BF4B-00C04F79EFBC}") = "Orc.Script", "src\Orc.Script\Orc.Script.csproj", "{5C7C6D4D-CDDB-405A-8F93-114129C5540A}"
EndProject
Project("{FAE04EC0-301F-11D3-BF4B-00C04F79EFBC}") = "Orc.Script.Tests", "tests\Orc.Script.Tests\Orc.Script.Tests.csproj", "{A7054366-8E49-4B03-885D-ECF8453B871A}"
EndProject
Global
	GlobalSection(SolutionConfigurationPlatforms) = preSolution
		Debug|Any CPU = Debug|Any CPU
		Debug|x64 = Debug|x64
		Debug|x86 = Debug|x86
		Release|Any CPU = Release|Any CPU
		Release|x64 = Release|x64
		Release|x86 = Release|x86
	EndGlobalSection
	GlobalSection(ProjectConfigurationPlatforms) = postSolution
		{60E9488A-615E-495B-98C6-A8AC30963BCA}.Debug|Any CPU.ActiveCfg = Debug|Any CPU
		{60E9488A-615E-495B-98C6-A8AC30963BCA}.Debug|Any CPU.Build.0 = Debug|Any CPU
		{60E9488A-615E-495B-98C6-A8AC30963BCA}.Debug|x64.ActiveCfg = Debug|Any CPU
		{60E9488A-615E-495B-98C6-A8AC30963BCA}.Debug|x64.Build.0 = Debug|Any CPU
		{60E9488A-615E-495B-98C6-A8AC30963BCA}.Debug|x86.ActiveCfg = Debug|Any CPU
		{60E9488A-615E-495B-98C6-A8AC30963BCA}.Debug|x86.Build.0 = Debug|Any CPU
		{60E9488A-615E-495B-98C6-A8AC30963BCA}.Release|Any CPU.ActiveCfg = Release|Any CPU
		{60E9488A-615E-495B-98C6-A8AC30963BCA}.Release|Any CPU.Build.0 = Release|Any CPU
		{60E9488A-615E-495B-98C6-A8AC30963BCA}.Release|x64.ActiveCfg = Release|Any CPU
		{60E9488A-615E-495B-98C6-A8AC30963BCA}.Release|x64.Build.0 = Release|Any CPU
		{60E9488A-615E-495B-98C6-A8AC30963BCA}.Release|x86.ActiveCfg = Release|Any CPU
		{60E9488A-615E-495B-98C6-A8AC30963BCA}.Release|x86.Build.0 = Release|Any CPU
		{5ADEA5D5-4579-4806-A5D3-B83DB95DE091}.Debug|Any CPU.ActiveCfg = Debug|Any CPU
		{5ADEA5D5-4579-4806-A5D3-B83DB95DE091}.Debug|Any CPU.Build.0 = Debug|Any CPU
		{5ADEA5D5-4579-4806-A5D3-B83DB95DE091}.Debug|x64.ActiveCfg = Debug|Any CPU
		{5ADEA5D5-4579-4806-A5D3-B83DB95DE091}.Debug|x64.Build.0 = Debug|Any CPU
		{5ADEA5D5-4579-4806-A5D3-B83DB95DE091}.Debug|x86.ActiveCfg = Debug|Any CPU
		{5ADEA5D5-4579-4806-A5D3-B83DB95DE091}.Debug|x86.Build.0 = Debug|Any CPU
		{5ADEA5D5-4579-4806-A5D3-B83DB95DE091}.Release|Any CPU.ActiveCfg = Release|Any CPU
		{5ADEA5D5-4579-4806-A5D3-B83DB95DE091}.Release|Any CPU.Build.0 = Release|Any CPU
		{5ADEA5D5-4579-4806-A5D3-B83DB95DE091}.Release|x64.ActiveCfg = Release|Any CPU
		{5ADEA5D5-4579-4806-A5D3-B83DB95DE091}.Release|x64.Build.0 = Release|Any CPU
		{5ADEA5D5-4579-4806-A5D3-B83DB95DE091}.Release|x86.ActiveCfg = Release|Any CPU
		{5ADEA5D5-4579-4806-A5D3-B83DB95DE091}.Release|x86.Build.0 = Release|Any CPU
		{068C67BA-0767-4888-A1D3-D95B0C6600ED}.Debug|Any CPU.ActiveCfg = Debug|Any CPU
		{068C67BA-0767-4888-A1D3-D95B0C6600ED}.Debug|Any CPU.Build.0 = Debug|Any CPU
		{068C67BA-0767-4888-A1D3-D95B0C6600ED}.Debug|x64.ActiveCfg = Debug|Any CPU
		{068C67BA-0767-4888-A1D3-D95B0C6600ED}.Debug|x64.Build.0 = Debug|Any CPU
		{068C67BA-0767-4888-A1D3-D95B0C6600ED}.Debug|x86.ActiveCfg = Debug|Any CPU
		{068C67BA-0767-4888-A1D3-D95B0C6600ED}.Debug|x86.Build.0 = Debug|Any CPU
		{068C67BA-0767-4888-A1D3-D95B0C6600ED}.Release|Any CPU.ActiveCfg = Release|Any CPU
		{068C67BA-0767-4888-A1D3-D95B0C6600ED}.Release|Any CPU.Build.0 = Release|Any CPU
		{068C67BA-0767-4888-A1D3-D95B0C6600ED}.Release|x64.ActiveCfg = Release|Any CPU
		{068C67BA-0767-4888-A1D3-D95B0C6600ED}.Release|x64.Build.0 = Release|Any CPU
		{068C67BA-0767-4888-A1D3-D95B0C6600ED}.Release|x86.ActiveCfg = Release|Any CPU
		{068C67BA-0767-4888-A1D3-D95B0C6600ED}.Release|x86.Build.0 = Release|Any CPU
		{6B78C5DC-2D98-4B1B-83C2-ADC9BCD7363E}.Debug|Any CPU.ActiveCfg = Debug|Any CPU
		{6B78C5DC-2D98-4B1B-83C2-ADC9BCD7363E}.Debug|Any CPU.Build.0 = Debug|Any CPU
		{6B78C5DC-2D98-4B1B-83C2-ADC9BCD7363E}.Debug|x64.ActiveCfg = Debug|Any CPU
		{6B78C5DC-2D98-4B1B-83C2-ADC9BCD7363E}.Debug|x64.Build.0 = Debug|Any CPU
		{6B78C5DC-2D98-4B1B-83C2-ADC9BCD7363E}.Debug|x86.ActiveCfg = Debug|Any CPU
		{6B78C5DC-2D98-4B1B-83C2-ADC9BCD7363E}.Debug|x86.Build.0 = Debug|Any CPU
		{6B78C5DC-2D98-4B1B-83C2-ADC9BCD7363E}.Release|Any CPU.ActiveCfg = Release|Any CPU
		{6B78C5DC-2D98-4B1B-83C2-ADC9BCD7363E}.Release|Any CPU.Build.0 = Release|Any CPU
		{6B78C5DC-2D98-4B1B-83C2-ADC9BCD7363E}.Release|x64.ActiveCfg = Release|Any CPU
		{6B78C5DC-2D98-4B1B-83C2-ADC9BCD7363E}.Release|x64.Build.0 = Release|Any CPU
		{6B78C5DC-2D98-4B1B-83C2-ADC9BCD7363E}.Release|x86.ActiveCfg = Release|Any CPU
		{6B78C5DC-2D98-4B1B-83C2-ADC9BCD7363E}.Release|x86.Build.0 = Release|Any CPU
		{29C0A2A6-8F0B-41B3-8298-3C18A607F39D}.Debug|Any CPU.ActiveCfg = Debug|Any CPU
		{29C0A2A6-8F0B-41B3-8298-3C18A607F39D}.Debug|Any CPU.Build.0 = Debug|Any CPU
		{29C0A2A6-8F0B-41B3-8298-3C18A607F39D}.Debug|x64.ActiveCfg = Debug|Any CPU
		{29C0A2A6-8F0B-41B3-8298-3C18A607F39D}.Debug|x64.Build.0 = Debug|Any CPU
		{29C0A2A6-8F0B-41B3-8298-3C18A607F39D}.Debug|x86.ActiveCfg = Debug|Any CPU
		{29C0A2A6-8F0B-41B3-8298-3C18A607F39D}.Debug|x86.Build.0 = Debug|Any CPU
		{29C0A2A6-8F0B-41B3-8298-3C18A607F39D}.Release|Any CPU.ActiveCfg = Release|Any CPU
		{29C0A2A6-8F0B-41B3-8298-3C18A607F39D}.Release|Any CPU.Build.0 = Release|Any CPU
		{29C0A2A6-8F0B-41B3-8298-3C18A607F39D}.Release|x64.ActiveCfg = Release|Any CPU
		{29C0A2A6-8F0B-41B3-8298-3C18A607F39D}.Release|x64.Build.0 = Release|Any CPU
		{29C0A2A6-8F0B-41B3-8298-3C18A607F39D}.Release|x86.ActiveCfg = Release|Any CPU
		{29C0A2A6-8F0B-41B3-8298-3C18A607F39D}.Release|x86.Build.0 = Release|Any CPU
		{2FF998B2-DB14-44A1-886E-434EFE7DB34D}.Debug|Any CPU.ActiveCfg = Debug|Any CPU
		{2FF998B2-DB14-44A1-886E-434EFE7DB34D}.Debug|Any CPU.Build.0 = Debug|Any CPU
		{2FF998B2-DB14-44A1-886E-434EFE7DB34D}.Debug|x64.ActiveCfg = Debug|Any CPU
		{2FF998B2-DB14-44A1-886E-434EFE7DB34D}.Debug|x64.Build.0 = Debug|Any CPU
		{2FF998B2-DB14-44A1-886E-434EFE7DB34D}.Debug|x86.ActiveCfg = Debug|Any CPU
		{2FF998B2-DB14-44A1-886E-434EFE7DB34D}.Debug|x86.Build.0 = Debug|Any CPU
		{2FF998B2-DB14-44A1-886E-434EFE7DB34D}.Release|Any CPU.ActiveCfg = Release|Any CPU
		{2FF998B2-DB14-44A1-886E-434EFE7DB34D}.Release|Any CPU.Build.0 = Release|Any CPU
		{2FF998B2-DB14-44A1-886E-434EFE7DB34D}.Release|x64.ActiveCfg = Release|Any CPU
		{2FF998B2-DB14-44A1-886E-434EFE7DB34D}.Release|x64.Build.0 = Release|Any CPU
		{2FF998B2-DB14-44A1-886E-434EFE7DB34D}.Release|x86.ActiveCfg = Release|Any CPU
		{2FF998B2-DB14-44A1-886E-434EFE7DB34D}.Release|x86.Build.0 = Release|Any CPU
		{5C7C6D4D-CDDB-405A-8F93-114129C5540A}.Debug|Any CPU.ActiveCfg = Debug|Any CPU
		{5C7C6D4D-CDDB-405A-8F93-114129C5540A}.Debug|Any CPU.Build.0 = Debug|Any CPU
		{5C7C6D4D-CDDB-405A-8F93-114129C5540A}.Debug|x64.ActiveCfg = Debug|Any CPU
		{5C7C6D4D-CDDB-405A-8F93-114129C5540A}.Debug|x64.Build.0 = Debug|Any CPU
		{5C7C6D4D-CDDB-405A-8F93-114129C5540A}.Debug|x86.ActiveCfg = Debug|Any CPU
		{5C7C6D4D-CDDB-405A-8F93-114129C5540A}.Debug|x86.Build.0 = Debug|Any CPU
		{5C7C6D4D-CDDB-405A-8F93-114129C5540A}.Release|Any CPU.ActiveCfg = Release|Any CPU
		{5C7C6D4D-CDDB-405A-8F93-114129C5540A}.Release|Any CPU.Build.0 = Release|Any CPU
		{5C7C6D4D-CDDB-405A-8F93-114129C5540A}.Release|x64.ActiveCfg = Release|Any CPU
		{5C7C6D4D-CDDB-405A-8F93-114129C5540A}.Release|x64.Build.0 = Release|Any CPU
		{5C7C6D4D-CDDB-405A-8F93-114129C5540A}.Release|x86.ActiveCfg = Release|Any CPU
		{5C7C6D4D-CDDB-405A-8F93-114129C5540A}.Release|x86.Build.0 = Release|Any CPU
		{A7054366-8E49-4B03-885D-ECF8453B871A}.Debug|Any CPU.ActiveCfg = Debug|Any CPU
		{A7054366-8E49-4B03-885D-ECF8453B871A}.Debug|Any CPU.Build.0 = Debug|Any CPU
		{A7054366-8E49-4B03-885D-ECF8453B871A}.Debug|x64.ActiveCfg = Debug|Any CPU
		{A7054366-8E49-4B03-885D-ECF8453B871A}.Debug|x64.Build.0 = Debug|Any CPU
		{A7054366-8E49-4B03-885D-ECF8453B871A}.Debug|x86.ActiveCfg = Debug|Any CPU
		{A7054366-8E49-4B03-885D-ECF8453B871A}.Debug|x86.Build.0 = Debug|Any CPU
		{A7054366-8E49-4B03-885D-ECF8453B871A}.Release|Any CPU.ActiveCfg = Release|Any CPU
		{A7054366-8E49-4B03-885D-ECF8453B871A}.Release|Any CPU.Build.0 = Release|Any CPU
		{A7054366-8E49-4B03-885D-ECF8453B871A}.Release|x64.ActiveCfg = Release|Any CPU
		{A7054366-8E49-4B03-885D-ECF8453B871A}.Release|x64.Build.0 = Release|Any CPU
		{A7054366-8E49-4B03-885D-ECF8453B871A}.Release|x86.ActiveCfg = Release|Any CPU
		{A7054366-8E49-4B03-885D-ECF8453B871A}.Release|x86.Build.0 = Release|Any CPU
	EndGlobalSection
	GlobalSection(SolutionProperties) = preSolution
		HideSolutionNode = FALSE
	EndGlobalSection
	GlobalSection(NestedProjects) = preSolution
		{60E9488A-615E-495B-98C6-A8AC30963BCA} = {827E0CD3-B72D-47B6-A68D-7590B98EB39B}
		{5ADEA5D5-4579-4806-A5D3-B83DB95DE091} = {0AB3BF05-4346-4AA6-1389-037BE0695223}
		{068C67BA-0767-4888-A1D3-D95B0C6600ED} = {827E0CD3-B72D-47B6-A68D-7590B98EB39B}
		{6B78C5DC-2D98-4B1B-83C2-ADC9BCD7363E} = {0AB3BF05-4346-4AA6-1389-037BE0695223}
		{29C0A2A6-8F0B-41B3-8298-3C18A607F39D} = {827E0CD3-B72D-47B6-A68D-7590B98EB39B}
		{2FF998B2-DB14-44A1-886E-434EFE7DB34D} = {0AB3BF05-4346-4AA6-1389-037BE0695223}
		{5C7C6D4D-CDDB-405A-8F93-114129C5540A} = {827E0CD3-B72D-47B6-A68D-7590B98EB39B}
		{A7054366-8E49-4B03-885D-ECF8453B871A} = {0AB3BF05-4346-4AA6-1389-037BE0695223}
	EndGlobalSection
EndGlobal
